{
  "version": 4,
  "terraform_version": "0.13.3",
  "serial": 249,
  "lineage": "49958364-2e34-f670-c490-df5c5b68b01d",
  "outputs": {
    "rancher_node_ip": {
      "value": "54.180.136.191",
      "type": "string"
    }
  },
  "resources": [
    {
      "mode": "data",
      "type": "aws_ami",
      "name": "ubuntu",
      "provider": "provider[\"registry.terraform.io/hashicorp/aws\"]",
      "instances": [
        {
          "schema_version": 0,
          "attributes": {
            "architecture": "x86_64",
            "arn": "arn:aws:ec2:ap-northeast-2::image/ami-082291504c00322a8",
            "block_device_mappings": [
              {
                "device_name": "/dev/sda1",
                "ebs": {
                  "delete_on_termination": "true",
                  "encrypted": "false",
                  "iops": "0",
                  "snapshot_id": "snap-05a3452849849546b",
                  "volume_size": "8",
                  "volume_type": "gp2"
                },
                "no_device": "",
                "virtual_name": ""
              },
              {
                "device_name": "/dev/sdb",
                "ebs": {},
                "no_device": "",
                "virtual_name": "ephemeral0"
              },
              {
                "device_name": "/dev/sdc",
                "ebs": {},
                "no_device": "",
                "virtual_name": "ephemeral1"
              }
            ],
            "creation_date": "2020-09-17T16:18:31.000Z",
            "description": "Canonical, Ubuntu, 18.04 LTS, amd64 bionic image build on 2020-09-16",
            "executable_users": null,
            "filter": [
              {
                "name": "name",
                "values": [
                  "ubuntu/images/hvm-ssd/ubuntu-bionic-18.04-amd64-server-*"
                ]
              },
              {
                "name": "virtualization-type",
                "values": [
                  "hvm"
                ]
              }
            ],
            "hypervisor": "xen",
            "id": "ami-082291504c00322a8",
            "image_id": "ami-082291504c00322a8",
            "image_location": "099720109477/ubuntu/images/hvm-ssd/ubuntu-bionic-18.04-amd64-server-20200916",
            "image_owner_alias": null,
            "image_type": "machine",
            "kernel_id": null,
            "most_recent": true,
            "name": "ubuntu/images/hvm-ssd/ubuntu-bionic-18.04-amd64-server-20200916",
            "name_regex": null,
            "owner_id": "099720109477",
            "owners": [
              "099720109477"
            ],
            "platform": null,
            "product_codes": [],
            "public": true,
            "ramdisk_id": null,
            "root_device_name": "/dev/sda1",
            "root_device_type": "ebs",
            "root_snapshot_id": "snap-05a3452849849546b",
            "sriov_net_support": "simple",
            "state": "available",
            "state_reason": {
              "code": "UNSET",
              "message": "UNSET"
            },
            "tags": {},
            "virtualization_type": "hvm"
          }
        }
      ]
    },
    {
      "mode": "data",
      "type": "aws_availability_zones",
      "name": "available",
      "provider": "provider[\"registry.terraform.io/hashicorp/aws\"]",
      "instances": [
        {
          "schema_version": 0,
          "attributes": {
            "all_availability_zones": null,
            "exclude_names": null,
            "exclude_zone_ids": null,
            "filter": null,
            "group_names": [
              "ap-northeast-2"
            ],
            "id": "2020-09-22 08:59:21.394387 +0000 UTC",
            "names": [
              "ap-northeast-2a",
              "ap-northeast-2b",
              "ap-northeast-2c",
              "ap-northeast-2d"
            ],
            "state": null,
            "zone_ids": [
              "apne2-az1",
              "apne2-az2",
              "apne2-az3",
              "apne2-az4"
            ]
          }
        }
      ]
    },
    {
      "mode": "data",
      "type": "template_file",
      "name": "init",
      "provider": "provider[\"registry.terraform.io/hashicorp/template\"]",
      "instances": [
        {
          "schema_version": 0,
          "attributes": {
            "filename": null,
            "id": "779ba6db19faea575a726c6951c777ca7a9168090dde7e50a5671e275c57294a",
            "rendered": "#!/bin/bash -x\n\nexport DEBIAN_FRONTEND=noninteractive\ncurl -sL https://releases.rancher.com/install-docker/19.03.sh | sh\nsudo usermod -aG docker ubuntu",
            "template": "#!/bin/bash -x\n\nexport DEBIAN_FRONTEND=noninteractive\ncurl -sL https://releases.rancher.com/install-docker/${docker_version}.sh | sh\nsudo usermod -aG docker ${username}",
            "vars": {
              "docker_version": "19.03",
              "username": "ubuntu"
            }
          }
        }
      ]
    },
    {
      "mode": "managed",
      "type": "aws_instance",
      "name": "rancher_server",
      "provider": "provider[\"registry.terraform.io/hashicorp/aws\"]",
      "instances": [
        {
          "index_key": 0,
          "schema_version": 1,
          "attributes": {
            "ami": "ami-082291504c00322a8",
            "arn": "arn:aws:ec2:ap-northeast-2:744549229387:instance/i-065eb1533505f386d",
            "associate_public_ip_address": true,
            "availability_zone": "ap-northeast-2a",
            "cpu_core_count": 1,
            "cpu_threads_per_core": 2,
            "credit_specification": [
              {
                "cpu_credits": "unlimited"
              }
            ],
            "disable_api_termination": false,
            "ebs_block_device": [],
            "ebs_optimized": false,
            "ephemeral_block_device": [],
            "get_password_data": false,
            "hibernation": false,
            "host_id": null,
            "iam_instance_profile": "",
            "id": "i-065eb1533505f386d",
            "instance_initiated_shutdown_behavior": null,
            "instance_state": "running",
            "instance_type": "t3a.medium",
            "ipv6_address_count": 0,
            "ipv6_addresses": [],
            "key_name": "rke-rancher-20200922080053291100000001",
            "metadata_options": [
              {
                "http_endpoint": "enabled",
                "http_put_response_hop_limit": 1,
                "http_tokens": "optional"
              }
            ],
            "monitoring": false,
            "network_interface": [],
            "outpost_arn": "",
            "password_data": "",
            "placement_group": "",
            "primary_network_interface_id": "eni-09fbad99918e6008c",
            "private_dns": "ip-172-16-1-59.ap-northeast-2.compute.internal",
            "private_ip": "172.16.1.59",
            "public_dns": "ec2-54-180-136-191.ap-northeast-2.compute.amazonaws.com",
            "public_ip": "54.180.136.191",
            "root_block_device": [
              {
                "delete_on_termination": true,
                "device_name": "/dev/sda1",
                "encrypted": false,
                "iops": 100,
                "kms_key_id": "",
                "volume_id": "vol-0e69b58115854392e",
                "volume_size": 16,
                "volume_type": "gp2"
              }
            ],
            "secondary_private_ips": [],
            "security_groups": [],
            "source_dest_check": true,
            "subnet_id": "subnet-023afe5c24d2311b5",
            "tags": {
              "Creator": "rancher",
              "Name": "rke-rancher-server-0"
            },
            "tenancy": "default",
            "timeouts": null,
            "user_data": "223aa3581c073322920b004e2ac1535f4811526d",
            "user_data_base64": null,
            "volume_tags": {},
            "vpc_security_group_ids": [
              "sg-0d6cb8cc28edc4dcb"
            ]
          },
          "private": "eyJlMmJmYjczMC1lY2FhLTExZTYtOGY4OC0zNDM2M2JjN2M0YzAiOnsiY3JlYXRlIjo2MDAwMDAwMDAwMDAsImRlbGV0ZSI6MTIwMDAwMDAwMDAwMCwidXBkYXRlIjo2MDAwMDAwMDAwMDB9LCJzY2hlbWFfdmVyc2lvbiI6IjEifQ==",
          "dependencies": [
            "aws_key_pair.rke_key_pair",
            "aws_security_group.rancher_sg_allowall",
            "data.aws_ami.ubuntu",
            "data.template_file.init"
          ]
        },
        {
          "index_key": 1,
          "schema_version": 1,
          "attributes": {
            "ami": "ami-082291504c00322a8",
            "arn": "arn:aws:ec2:ap-northeast-2:744549229387:instance/i-0c82427382ce457f3",
            "associate_public_ip_address": true,
            "availability_zone": "ap-northeast-2c",
            "cpu_core_count": 1,
            "cpu_threads_per_core": 2,
            "credit_specification": [
              {
                "cpu_credits": "unlimited"
              }
            ],
            "disable_api_termination": false,
            "ebs_block_device": [],
            "ebs_optimized": false,
            "ephemeral_block_device": [],
            "get_password_data": false,
            "hibernation": false,
            "host_id": null,
            "iam_instance_profile": "",
            "id": "i-0c82427382ce457f3",
            "instance_initiated_shutdown_behavior": null,
            "instance_state": "running",
            "instance_type": "t3a.medium",
            "ipv6_address_count": 0,
            "ipv6_addresses": [],
            "key_name": "rke-rancher-20200922080053291100000001",
            "metadata_options": [
              {
                "http_endpoint": "enabled",
                "http_put_response_hop_limit": 1,
                "http_tokens": "optional"
              }
            ],
            "monitoring": false,
            "network_interface": [],
            "outpost_arn": "",
            "password_data": "",
            "placement_group": "",
            "primary_network_interface_id": "eni-0a37cdf361eed0a94",
            "private_dns": "ip-172-16-3-141.ap-northeast-2.compute.internal",
            "private_ip": "172.16.3.141",
            "public_dns": "ec2-52-78-122-211.ap-northeast-2.compute.amazonaws.com",
            "public_ip": "52.78.122.211",
            "root_block_device": [
              {
                "delete_on_termination": true,
                "device_name": "/dev/sda1",
                "encrypted": false,
                "iops": 100,
                "kms_key_id": "",
                "volume_id": "vol-01205c82daf149a1e",
                "volume_size": 16,
                "volume_type": "gp2"
              }
            ],
            "secondary_private_ips": [],
            "security_groups": [],
            "source_dest_check": true,
            "subnet_id": "subnet-05e9f64876d902516",
            "tags": {
              "Creator": "rancher",
              "Name": "rke-rancher-server-1"
            },
            "tenancy": "default",
            "timeouts": null,
            "user_data": "223aa3581c073322920b004e2ac1535f4811526d",
            "user_data_base64": null,
            "volume_tags": {},
            "vpc_security_group_ids": [
              "sg-0d6cb8cc28edc4dcb"
            ]
          },
          "private": "eyJlMmJmYjczMC1lY2FhLTExZTYtOGY4OC0zNDM2M2JjN2M0YzAiOnsiY3JlYXRlIjo2MDAwMDAwMDAwMDAsImRlbGV0ZSI6MTIwMDAwMDAwMDAwMCwidXBkYXRlIjo2MDAwMDAwMDAwMDB9LCJzY2hlbWFfdmVyc2lvbiI6IjEifQ==",
          "dependencies": [
            "aws_key_pair.rke_key_pair",
            "aws_security_group.rancher_sg_allowall",
            "data.aws_ami.ubuntu",
            "data.template_file.init"
          ]
        },
        {
          "index_key": 2,
          "schema_version": 1,
          "attributes": {
            "ami": "ami-082291504c00322a8",
            "arn": "arn:aws:ec2:ap-northeast-2:744549229387:instance/i-00c4f7829fe352abf",
            "associate_public_ip_address": true,
            "availability_zone": "ap-northeast-2a",
            "cpu_core_count": 1,
            "cpu_threads_per_core": 2,
            "credit_specification": [
              {
                "cpu_credits": "unlimited"
              }
            ],
            "disable_api_termination": false,
            "ebs_block_device": [],
            "ebs_optimized": false,
            "ephemeral_block_device": [],
            "get_password_data": false,
            "hibernation": false,
            "host_id": null,
            "iam_instance_profile": "",
            "id": "i-00c4f7829fe352abf",
            "instance_initiated_shutdown_behavior": null,
            "instance_state": "running",
            "instance_type": "t3a.medium",
            "ipv6_address_count": 0,
            "ipv6_addresses": [],
            "key_name": "rke-rancher-20200922080053291100000001",
            "metadata_options": [
              {
                "http_endpoint": "enabled",
                "http_put_response_hop_limit": 1,
                "http_tokens": "optional"
              }
            ],
            "monitoring": false,
            "network_interface": [],
            "outpost_arn": "",
            "password_data": "",
            "placement_group": "",
            "primary_network_interface_id": "eni-020cf19de19316014",
            "private_dns": "ip-172-16-1-113.ap-northeast-2.compute.internal",
            "private_ip": "172.16.1.113",
            "public_dns": "ec2-13-125-3-219.ap-northeast-2.compute.amazonaws.com",
            "public_ip": "13.125.3.219",
            "root_block_device": [
              {
                "delete_on_termination": true,
                "device_name": "/dev/sda1",
                "encrypted": false,
                "iops": 100,
                "kms_key_id": "",
                "volume_id": "vol-077bc2077f539a567",
                "volume_size": 16,
                "volume_type": "gp2"
              }
            ],
            "secondary_private_ips": [],
            "security_groups": [],
            "source_dest_check": true,
            "subnet_id": "subnet-023afe5c24d2311b5",
            "tags": {
              "Creator": "rancher",
              "Name": "rke-rancher-server-2"
            },
            "tenancy": "default",
            "timeouts": null,
            "user_data": "223aa3581c073322920b004e2ac1535f4811526d",
            "user_data_base64": null,
            "volume_tags": {},
            "vpc_security_group_ids": [
              "sg-0d6cb8cc28edc4dcb"
            ]
          },
          "private": "eyJlMmJmYjczMC1lY2FhLTExZTYtOGY4OC0zNDM2M2JjN2M0YzAiOnsiY3JlYXRlIjo2MDAwMDAwMDAwMDAsImRlbGV0ZSI6MTIwMDAwMDAwMDAwMCwidXBkYXRlIjo2MDAwMDAwMDAwMDB9LCJzY2hlbWFfdmVyc2lvbiI6IjEifQ==",
          "dependencies": [
            "aws_key_pair.rke_key_pair",
            "aws_security_group.rancher_sg_allowall",
            "data.aws_ami.ubuntu",
            "data.template_file.init"
          ]
        }
      ]
    },
    {
      "mode": "managed",
      "type": "aws_key_pair",
      "name": "rke_key_pair",
      "provider": "provider[\"registry.terraform.io/hashicorp/aws\"]",
      "instances": [
        {
          "schema_version": 1,
          "attributes": {
            "arn": "arn:aws:ec2:ap-northeast-2:744549229387:key-pair/rke-rancher-20200922080053291100000001",
            "fingerprint": "84:b4:9f:7a:e0:77:c6:d2:73:de:c9:db:70:8d:d3:c6",
            "id": "rke-rancher-20200922080053291100000001",
            "key_name": "rke-rancher-20200922080053291100000001",
            "key_name_prefix": "rke-rancher-",
            "key_pair_id": "key-00d6ae55f5350f523",
            "public_key": "ssh-rsa AAAAB3NzaC1yc2EAAAADAQABAAABAQCoc8ppN5QmSAdpeXNzA+WqS7+vhvWIfrnfJxO5z0fnwpfjM/GJsX9SVyB1fau/N+71W8csH7IRjpzmC9LSkmlURCb0FRMLJpIYNM3ZIK7m8AlLgCEWpyelMzyTeMJKs/Jjrfca2bosf5H46AKy0O7QF6Fl8oAHZrsM7jYdxkbQqeJMPZTjxxEdfMWqKYvu5cY11Nh0+JaK6MoahM4HvwQQHNfpYzHRQYFSm6uF1uArgnJoUx8Ja+9orXtFB7Q5oSovMp4icQjjQENjlJuXnIwgUn0fP3eY6nTzKNTepEPqqAI0PPkuinRCycIFyU323a7hHfujFiWOEwN+xECQHYUh",
            "tags": {}
          },
          "private": "eyJzY2hlbWFfdmVyc2lvbiI6IjEifQ==",
          "dependencies": [
            "tls_private_key.global_key"
          ]
        }
      ]
    },
    {
      "mode": "managed",
      "type": "aws_lb_target_group",
      "name": "rancher-http-80",
      "provider": "provider[\"registry.terraform.io/hashicorp/aws\"]",
      "instances": [
        {
          "schema_version": 0,
          "attributes": {
            "arn": "arn:aws:elasticloadbalancing:ap-northeast-2:744549229387:targetgroup/rancher-http-80/25db36742d89e4c1",
            "arn_suffix": "targetgroup/rancher-http-80/25db36742d89e4c1",
            "deregistration_delay": 300,
            "health_check": [
              {
                "enabled": true,
                "healthy_threshold": 3,
                "interval": 30,
                "matcher": "200",
                "path": "/healthz",
                "port": "traffic-port",
                "protocol": "HTTP",
                "timeout": 5,
                "unhealthy_threshold": 3
              }
            ],
            "id": "arn:aws:elasticloadbalancing:ap-northeast-2:744549229387:targetgroup/rancher-http-80/25db36742d89e4c1",
            "lambda_multi_value_headers_enabled": false,
            "load_balancing_algorithm_type": "round_robin",
            "name": "rancher-http-80",
            "name_prefix": null,
            "port": 80,
            "protocol": "HTTP",
            "proxy_protocol_v2": false,
            "slow_start": 0,
            "stickiness": [
              {
                "cookie_duration": 86400,
                "enabled": false,
                "type": "lb_cookie"
              }
            ],
            "tags": {
              "Name": "rancher-http-80"
            },
            "target_type": "instance",
            "vpc_id": "vpc-01ca7e39deac59b36"
          },
          "private": "bnVsbA=="
        }
      ]
    },
    {
      "mode": "managed",
      "type": "aws_lb_target_group_attachment",
      "name": "rancher-http",
      "provider": "provider[\"registry.terraform.io/hashicorp/aws\"]",
      "instances": [
        {
          "index_key": 0,
          "schema_version": 0,
          "attributes": {
            "availability_zone": null,
            "id": "arn:aws:elasticloadbalancing:ap-northeast-2:744549229387:targetgroup/rancher-http-80/25db36742d89e4c1-20200922090013784500000003",
            "port": 80,
            "target_group_arn": "arn:aws:elasticloadbalancing:ap-northeast-2:744549229387:targetgroup/rancher-http-80/25db36742d89e4c1",
            "target_id": "i-065eb1533505f386d"
          },
          "private": "bnVsbA==",
          "dependencies": [
            "aws_instance.rancher_server",
            "aws_lb_target_group.rancher-http-80"
          ]
        },
        {
          "index_key": 1,
          "schema_version": 0,
          "attributes": {
            "availability_zone": null,
            "id": "arn:aws:elasticloadbalancing:ap-northeast-2:744549229387:targetgroup/rancher-http-80/25db36742d89e4c1-20200922090013723300000002",
            "port": 80,
            "target_group_arn": "arn:aws:elasticloadbalancing:ap-northeast-2:744549229387:targetgroup/rancher-http-80/25db36742d89e4c1",
            "target_id": "i-0c82427382ce457f3"
          },
          "private": "bnVsbA==",
          "dependencies": [
            "aws_instance.rancher_server",
            "aws_lb_target_group.rancher-http-80"
          ]
        },
        {
          "index_key": 2,
          "schema_version": 0,
          "attributes": {
            "availability_zone": null,
            "id": "arn:aws:elasticloadbalancing:ap-northeast-2:744549229387:targetgroup/rancher-http-80/25db36742d89e4c1-20200922090013697500000001",
            "port": 80,
            "target_group_arn": "arn:aws:elasticloadbalancing:ap-northeast-2:744549229387:targetgroup/rancher-http-80/25db36742d89e4c1",
            "target_id": "i-00c4f7829fe352abf"
          },
          "private": "bnVsbA==",
          "dependencies": [
            "aws_instance.rancher_server",
            "aws_lb_target_group.rancher-http-80"
          ]
        }
      ]
    },
    {
      "mode": "managed",
      "type": "aws_security_group",
      "name": "nlb",
      "provider": "provider[\"registry.terraform.io/hashicorp/aws\"]",
      "instances": [
        {
          "schema_version": 1,
          "attributes": {
            "arn": "arn:aws:ec2:ap-northeast-2:744549229387:security-group/sg-03874d6530ed6c7e7",
            "description": "Security group for rancher nlb",
            "egress": [
              {
                "cidr_blocks": [
                  "0.0.0.0/0"
                ],
                "description": "",
                "from_port": 0,
                "ipv6_cidr_blocks": [],
                "prefix_list_ids": [],
                "protocol": "-1",
                "security_groups": [],
                "self": false,
                "to_port": 0
              }
            ],
            "id": "sg-03874d6530ed6c7e7",
            "ingress": [
              {
                "cidr_blocks": [
                  "0.0.0.0/0"
                ],
                "description": "",
                "from_port": 443,
                "ipv6_cidr_blocks": [],
                "prefix_list_ids": [],
                "protocol": "tcp",
                "security_groups": [],
                "self": false,
                "to_port": 443
              },
              {
                "cidr_blocks": [
                  "0.0.0.0/0"
                ],
                "description": "",
                "from_port": 80,
                "ipv6_cidr_blocks": [],
                "prefix_list_ids": [],
                "protocol": "tcp",
                "security_groups": [],
                "self": false,
                "to_port": 80
              }
            ],
            "name": "rancher",
            "name_prefix": "",
            "owner_id": "744549229387",
            "revoke_rules_on_delete": false,
            "tags": {
              "Name": "rancher-nlb-sg"
            },
            "timeouts": null,
            "vpc_id": "vpc-01ca7e39deac59b36"
          },
          "private": "eyJlMmJmYjczMC1lY2FhLTExZTYtOGY4OC0zNDM2M2JjN2M0YzAiOnsiY3JlYXRlIjo2MDAwMDAwMDAwMDAsImRlbGV0ZSI6NjAwMDAwMDAwMDAwfSwic2NoZW1hX3ZlcnNpb24iOiIxIn0=",
          "create_before_destroy": true
        }
      ]
    },
    {
      "mode": "managed",
      "type": "aws_security_group",
      "name": "rancher_sg_allowall",
      "provider": "provider[\"registry.terraform.io/hashicorp/aws\"]",
      "instances": [
        {
          "schema_version": 1,
          "attributes": {
            "arn": "arn:aws:ec2:ap-northeast-2:744549229387:security-group/sg-0d6cb8cc28edc4dcb",
            "description": "Rancher quickstart - allow all traffic",
            "egress": [
              {
                "cidr_blocks": [
                  "0.0.0.0/0"
                ],
                "description": "",
                "from_port": 0,
                "ipv6_cidr_blocks": [],
                "prefix_list_ids": [],
                "protocol": "-1",
                "security_groups": [],
                "self": false,
                "to_port": 0
              }
            ],
            "id": "sg-0d6cb8cc28edc4dcb",
            "ingress": [
              {
                "cidr_blocks": [
                  "0.0.0.0/0"
                ],
                "description": "",
                "from_port": 0,
                "ipv6_cidr_blocks": [],
                "prefix_list_ids": [],
                "protocol": "-1",
                "security_groups": [],
                "self": false,
                "to_port": 0
              }
            ],
            "name": "rke-rancher-allowall",
            "name_prefix": "",
            "owner_id": "744549229387",
            "revoke_rules_on_delete": false,
            "tags": {
              "Creator": "rke",
              "Name": "rke-rancher_sg_allowall"
            },
            "timeouts": null,
            "vpc_id": "vpc-01ca7e39deac59b36"
          },
          "private": "eyJlMmJmYjczMC1lY2FhLTExZTYtOGY4OC0zNDM2M2JjN2M0YzAiOnsiY3JlYXRlIjo2MDAwMDAwMDAwMDAsImRlbGV0ZSI6NjAwMDAwMDAwMDAwfSwic2NoZW1hX3ZlcnNpb24iOiIxIn0="
        }
      ]
    },
    {
      "mode": "managed",
      "type": "aws_security_group_rule",
      "name": "allow-http",
      "provider": "provider[\"registry.terraform.io/hashicorp/aws\"]",
      "instances": [
        {
          "schema_version": 2,
          "attributes": {
            "cidr_blocks": [
              "0.0.0.0/0"
            ],
            "description": "",
            "from_port": 80,
            "id": "sgrule-1776248978",
            "ipv6_cidr_blocks": [],
            "prefix_list_ids": [],
            "protocol": "tcp",
            "security_group_id": "sg-03874d6530ed6c7e7",
            "self": false,
            "source_security_group_id": null,
            "to_port": 80,
            "type": "ingress"
          },
          "private": "eyJzY2hlbWFfdmVyc2lvbiI6IjIifQ==",
          "dependencies": [
            "aws_security_group.nlb"
          ],
          "create_before_destroy": true
        }
      ]
    },
    {
      "mode": "managed",
      "type": "aws_security_group_rule",
      "name": "allow-https",
      "provider": "provider[\"registry.terraform.io/hashicorp/aws\"]",
      "instances": [
        {
          "schema_version": 2,
          "attributes": {
            "cidr_blocks": [
              "0.0.0.0/0"
            ],
            "description": "",
            "from_port": 443,
            "id": "sgrule-2789018335",
            "ipv6_cidr_blocks": [],
            "prefix_list_ids": [],
            "protocol": "tcp",
            "security_group_id": "sg-03874d6530ed6c7e7",
            "self": false,
            "source_security_group_id": null,
            "to_port": 443,
            "type": "ingress"
          },
          "private": "eyJzY2hlbWFfdmVyc2lvbiI6IjIifQ==",
          "dependencies": [
            "aws_security_group.nlb"
          ],
          "create_before_destroy": true
        }
      ]
    },
    {
      "mode": "managed",
      "type": "local_file",
      "name": "ssh_private_key_pem",
      "provider": "provider[\"registry.terraform.io/hashicorp/local\"]",
      "instances": [
        {
          "schema_version": 0,
          "attributes": {
            "content": null,
            "content_base64": null,
            "directory_permission": "0777",
            "file_permission": "0600",
            "filename": "/Users/rokhun/rancher/aws/.output/id_rsa",
            "id": "47d8931b735d29d322e2df892ecc61070e5191fa",
            "sensitive_content": "-----BEGIN RSA PRIVATE KEY-----\nMIIEpQIBAAKCAQEAqHPKaTeUJkgHaXlzcwPlqku/r4b1iH653ycTuc9H58KX4zPx\nibF/UlcgdX2rvzfu9VvHLB+yEY6c5gvS0pJpVEQm9BUTCyaSGDTN2SCu5vAJS4Ah\nFqcnpTM8k3jCSrPyY633Gtm6LH+R+OgCstDu0BehZfKAB2a7DO42HcZG0KniTD2U\n48cRHXzFqimL7uXGNdTYdPiWiujKGoTOB78EEBzX6WMx0UGBUpurhdbgK4JyaFMf\nCWvvaK17RQe0OaEqLzKeInEI40BDY5Sbl5yMIFJ9Hz93mOp08yjU3qRD6qgCNDz5\nLop0QsnCBclN9t2u4R37oxYljhMDfsRAkB2FIQIDAQABAoIBAAGrC+EY3M24PuKL\nglosOrUCBQbu9jWA08Ri9a4MYHDqG2jzlbvAVztwg3DGatH88s/ZNdK5CaFk4Sbi\nDRdqvcJI3n3iS4r7ucylkThKO5Er5VurDCjWRO084aewNXRZ7deQ3HaWm2JfbQmi\n+ovcx9Clu0JwMVZhbQ7GuSB4WzEryWUF0ecgidH6tTjGzluSpJ7pVztPD75N4qyp\njxrBFcctRIy6YXWDV2J4aOp3b+7Q8UmGaYDRFGeBbz9DS00jcRFj/VTA9zvVoEo9\nL1ws3vwroaHdj0vlVtjgzOugVHDpzEKDZw1iXaB9bmMVeEL+pXBH/QhXieIHhUUu\nGXtie7ECgYEAxuk2rlH+4Xdv2ZtAVIUkv9/U/DqIoVIe0hXy8BfhauKCQTtpI7wg\nZCqSRk/+jH+hFpMgU5eIrxPpfjTDPWD8IVFEJp454RXv0y+5UoWevdHat0pj9H2J\nwLxlZF1CEzqRwUI1ROGML+WK1H60yjbd9ODXRvI4mkCmWbC8Hhvrnj0CgYEA2Myn\n3emSKrYDxTXza1TZApEuvmNYRSbKXyYBls/XE7/tiBYjyxFDeL5nhGu+7J6EnxmO\nsO0fHvdYAYWZ1ocYIi2WnRc6teJGhyJQM6CxOADpc/vVIxM86PwhARnwKqzWSLY0\n1+K4cciDnHYs1ZztziWUrwnJVp271IYYcMJPdLUCgYEAxMVwkoIK4oCE5X/v46zS\n7f0/dUVyZCQY2TtdWKZHGLV6pY1gNTml0XFLwsLfzZ10fiCNmiQN0ySfl3oaql2H\nDm6WPJ3KJCDPXtuXOUt1/dHby/aLaxHFdCTrKJ4Y/2yxQ717dOirBbbN3+h4cJJW\ngCjszgJQfEf4SEHN1vtH2wECgYEA2C/8lUV9BCpMyDNscPNDE1RDEIdwVkTAOPFl\nVEYdawxQiQvK1Yx5g8Ya4+mtkbbg+OY7bCKIjhCIKbxYE5zTbAGZ1zx6xzTEr6x/\n3Xu4POhr48SUXU2px4rkPnznCScg55EKUN08n/obg8I0Iy9B0/eVtJZFt6HC08KE\nTKz3HqECgYEAmqMQkGl6MAQDvyTcy0gA6nK49kN3YQxsHRlNgXCZMruhRa2Q99Ol\noFHs+XeaQyZdQR/cDCVuTa2Jx+ZtLqIu7/8HKcJ4IgYprYuGQK/TtoLGNew0q99f\ni79QK66PwikBHYrYHaafkYZjeF/OUeo12RVmYIuCL5+UPGFtrojEG54=\n-----END RSA PRIVATE KEY-----\n"
          },
          "private": "bnVsbA==",
          "dependencies": [
            "tls_private_key.global_key"
          ]
        }
      ]
    },
    {
      "mode": "managed",
      "type": "local_file",
      "name": "ssh_public_key_openssh",
      "provider": "provider[\"registry.terraform.io/hashicorp/local\"]",
      "instances": [
        {
          "schema_version": 0,
          "attributes": {
            "content": "ssh-rsa AAAAB3NzaC1yc2EAAAADAQABAAABAQCoc8ppN5QmSAdpeXNzA+WqS7+vhvWIfrnfJxO5z0fnwpfjM/GJsX9SVyB1fau/N+71W8csH7IRjpzmC9LSkmlURCb0FRMLJpIYNM3ZIK7m8AlLgCEWpyelMzyTeMJKs/Jjrfca2bosf5H46AKy0O7QF6Fl8oAHZrsM7jYdxkbQqeJMPZTjxxEdfMWqKYvu5cY11Nh0+JaK6MoahM4HvwQQHNfpYzHRQYFSm6uF1uArgnJoUx8Ja+9orXtFB7Q5oSovMp4icQjjQENjlJuXnIwgUn0fP3eY6nTzKNTepEPqqAI0PPkuinRCycIFyU323a7hHfujFiWOEwN+xECQHYUh\n",
            "content_base64": null,
            "directory_permission": "0777",
            "file_permission": "0777",
            "filename": "/Users/rokhun/rancher/aws/.output/id_rsa.pub",
            "id": "0a9c069a77c3a42edb3ac2c8c373f850e3d71b9a",
            "sensitive_content": null
          },
          "private": "bnVsbA==",
          "dependencies": [
            "tls_private_key.global_key"
          ]
        }
      ]
    },
    {
      "mode": "managed",
      "type": "tls_private_key",
      "name": "global_key",
      "provider": "provider[\"registry.terraform.io/hashicorp/tls\"]",
      "instances": [
        {
          "schema_version": 0,
          "attributes": {
            "algorithm": "RSA",
            "ecdsa_curve": "P224",
            "id": "072657259da2993691293428c40b543e7e4ea14d",
            "private_key_pem": "-----BEGIN RSA PRIVATE KEY-----\nMIIEpQIBAAKCAQEAqHPKaTeUJkgHaXlzcwPlqku/r4b1iH653ycTuc9H58KX4zPx\nibF/UlcgdX2rvzfu9VvHLB+yEY6c5gvS0pJpVEQm9BUTCyaSGDTN2SCu5vAJS4Ah\nFqcnpTM8k3jCSrPyY633Gtm6LH+R+OgCstDu0BehZfKAB2a7DO42HcZG0KniTD2U\n48cRHXzFqimL7uXGNdTYdPiWiujKGoTOB78EEBzX6WMx0UGBUpurhdbgK4JyaFMf\nCWvvaK17RQe0OaEqLzKeInEI40BDY5Sbl5yMIFJ9Hz93mOp08yjU3qRD6qgCNDz5\nLop0QsnCBclN9t2u4R37oxYljhMDfsRAkB2FIQIDAQABAoIBAAGrC+EY3M24PuKL\nglosOrUCBQbu9jWA08Ri9a4MYHDqG2jzlbvAVztwg3DGatH88s/ZNdK5CaFk4Sbi\nDRdqvcJI3n3iS4r7ucylkThKO5Er5VurDCjWRO084aewNXRZ7deQ3HaWm2JfbQmi\n+ovcx9Clu0JwMVZhbQ7GuSB4WzEryWUF0ecgidH6tTjGzluSpJ7pVztPD75N4qyp\njxrBFcctRIy6YXWDV2J4aOp3b+7Q8UmGaYDRFGeBbz9DS00jcRFj/VTA9zvVoEo9\nL1ws3vwroaHdj0vlVtjgzOugVHDpzEKDZw1iXaB9bmMVeEL+pXBH/QhXieIHhUUu\nGXtie7ECgYEAxuk2rlH+4Xdv2ZtAVIUkv9/U/DqIoVIe0hXy8BfhauKCQTtpI7wg\nZCqSRk/+jH+hFpMgU5eIrxPpfjTDPWD8IVFEJp454RXv0y+5UoWevdHat0pj9H2J\nwLxlZF1CEzqRwUI1ROGML+WK1H60yjbd9ODXRvI4mkCmWbC8Hhvrnj0CgYEA2Myn\n3emSKrYDxTXza1TZApEuvmNYRSbKXyYBls/XE7/tiBYjyxFDeL5nhGu+7J6EnxmO\nsO0fHvdYAYWZ1ocYIi2WnRc6teJGhyJQM6CxOADpc/vVIxM86PwhARnwKqzWSLY0\n1+K4cciDnHYs1ZztziWUrwnJVp271IYYcMJPdLUCgYEAxMVwkoIK4oCE5X/v46zS\n7f0/dUVyZCQY2TtdWKZHGLV6pY1gNTml0XFLwsLfzZ10fiCNmiQN0ySfl3oaql2H\nDm6WPJ3KJCDPXtuXOUt1/dHby/aLaxHFdCTrKJ4Y/2yxQ717dOirBbbN3+h4cJJW\ngCjszgJQfEf4SEHN1vtH2wECgYEA2C/8lUV9BCpMyDNscPNDE1RDEIdwVkTAOPFl\nVEYdawxQiQvK1Yx5g8Ya4+mtkbbg+OY7bCKIjhCIKbxYE5zTbAGZ1zx6xzTEr6x/\n3Xu4POhr48SUXU2px4rkPnznCScg55EKUN08n/obg8I0Iy9B0/eVtJZFt6HC08KE\nTKz3HqECgYEAmqMQkGl6MAQDvyTcy0gA6nK49kN3YQxsHRlNgXCZMruhRa2Q99Ol\noFHs+XeaQyZdQR/cDCVuTa2Jx+ZtLqIu7/8HKcJ4IgYprYuGQK/TtoLGNew0q99f\ni79QK66PwikBHYrYHaafkYZjeF/OUeo12RVmYIuCL5+UPGFtrojEG54=\n-----END RSA PRIVATE KEY-----\n",
            "public_key_fingerprint_md5": "ee:fe:d0:3e:e8:e0:1d:bb:16:52:ec:1a:4e:5c:24:19",
            "public_key_openssh": "ssh-rsa AAAAB3NzaC1yc2EAAAADAQABAAABAQCoc8ppN5QmSAdpeXNzA+WqS7+vhvWIfrnfJxO5z0fnwpfjM/GJsX9SVyB1fau/N+71W8csH7IRjpzmC9LSkmlURCb0FRMLJpIYNM3ZIK7m8AlLgCEWpyelMzyTeMJKs/Jjrfca2bosf5H46AKy0O7QF6Fl8oAHZrsM7jYdxkbQqeJMPZTjxxEdfMWqKYvu5cY11Nh0+JaK6MoahM4HvwQQHNfpYzHRQYFSm6uF1uArgnJoUx8Ja+9orXtFB7Q5oSovMp4icQjjQENjlJuXnIwgUn0fP3eY6nTzKNTepEPqqAI0PPkuinRCycIFyU323a7hHfujFiWOEwN+xECQHYUh\n",
            "public_key_pem": "-----BEGIN PUBLIC KEY-----\nMIIBIjANBgkqhkiG9w0BAQEFAAOCAQ8AMIIBCgKCAQEAqHPKaTeUJkgHaXlzcwPl\nqku/r4b1iH653ycTuc9H58KX4zPxibF/UlcgdX2rvzfu9VvHLB+yEY6c5gvS0pJp\nVEQm9BUTCyaSGDTN2SCu5vAJS4AhFqcnpTM8k3jCSrPyY633Gtm6LH+R+OgCstDu\n0BehZfKAB2a7DO42HcZG0KniTD2U48cRHXzFqimL7uXGNdTYdPiWiujKGoTOB78E\nEBzX6WMx0UGBUpurhdbgK4JyaFMfCWvvaK17RQe0OaEqLzKeInEI40BDY5Sbl5yM\nIFJ9Hz93mOp08yjU3qRD6qgCNDz5Lop0QsnCBclN9t2u4R37oxYljhMDfsRAkB2F\nIQIDAQAB\n-----END PUBLIC KEY-----\n",
            "rsa_bits": 2048
          },
          "private": "bnVsbA=="
        }
      ]
    }
  ]
}
